
Microsoft Visual Studio Solution File, Format Version 12.00
# Visual Studio Version 17
VisualStudioVersion = 17.9.34616.47
MinimumVisualStudioVersion = 10.0.40219.1
Project("{9A19103F-16F7-4668-BE54-9A1E7A4F7556}") = "NewVersion", "NewVersion\NewVersion.csproj", "{F1B89D19-794D-4F9C-83DB-0F482CAB1502}"
EndProject
Global
	GlobalSection(SolutionConfigurationPlatforms) = preSolution
		Debug|Any CPU = Debug|Any CPU
		Release|Any CPU = Release|Any CPU
	EndGlobalSection
	GlobalSection(ProjectConfigurationPlatforms) = postSolution
		{F1B89D19-794D-4F9C-83DB-0F482CAB1502}.Debug|Any CPU.ActiveCfg = Debug|Any CPU
		{F1B89D19-794D-4F9C-83DB-0F482CAB1502}.Debug|Any CPU.Build.0 = Debug|Any CPU
		{F1B89D19-794D-4F9C-83DB-0F482CAB1502}.Release|Any CPU.ActiveCfg = Release|Any CPU
		{F1B89D19-794D-4F9C-83DB-0F482CAB1502}.Release|Any CPU.Build.0 = Release|Any CPU
	EndGlobalSection
	GlobalSection(SolutionProperties) = preSolution
		HideSolutionNode = FALSE
	EndGlobalSection
	GlobalSection(ExtensibilityGlobals) = postSolution
		SolutionGuid = {FAC33AAC-8831-47BA-BF34-FB2DFD310D51}
	EndGlobalSection
EndGlobal
